
Microsoft Visual Studio Solution File, Format Version 12.00
# Visual Studio Version 17
VisualStudioVersion = 17.9.34607.119
MinimumVisualStudioVersion = 10.0.40219.1
Project("{9A19103F-16F7-4668-BE54-9A1E7A4F7556}") = "TransactionAPI", "TransactionAPI.csproj", "{13861397-C13F-4232-8090-879CA3B59E6C}"
EndProject
Global
	GlobalSection(SolutionConfigurationPlatforms) = preSolution
		Debug|Any CPU = Debug|Any CPU
		Release|Any CPU = Release|Any CPU
	EndGlobalSection
	GlobalSection(ProjectConfigurationPlatforms) = postSolution
		{13861397-C13F-4232-8090-879CA3B59E6C}.Debug|Any CPU.ActiveCfg = Debug|Any CPU
		{13861397-C13F-4232-8090-879CA3B59E6C}.Debug|Any CPU.Build.0 = Debug|Any CPU
		{13861397-C13F-4232-8090-879CA3B59E6C}.Release|Any CPU.ActiveCfg = Release|Any CPU
		{13861397-C13F-4232-8090-879CA3B59E6C}.Release|Any CPU.Build.0 = Release|Any CPU
	EndGlobalSection
	GlobalSection(SolutionProperties) = preSolution
		HideSolutionNode = FALSE
	EndGlobalSection
	GlobalSection(ExtensibilityGlobals) = postSolution
		SolutionGuid = {A7899867-5B68-4372-B3E7-0E4DB44DCC7C}
	EndGlobalSection
EndGlobal
